{
  "name": "vdom-timeline",
  "version": "0.1.0",
  "lockfileVersion": 1,
  "requires": true,
  "dependencies": {
    "@types/howler": {
      "version": "2.0.3",
      "resolved": "https://registry.npmjs.org/@types/howler/-/howler-2.0.3.tgz",
      "integrity": "sha512-AkgoEeXfn0Xvhw68eb4WFBTGZMEDrxo4rqLJcP5AlOUix1nGTNpZMGhidgvR/IDktm2LNf1fS1o8VbCv39JwVA==",
      "dev": true
    },
    "howler": {
      "version": "2.0.4",
      "resolved": "https://registry.npmjs.org/howler/-/howler-2.0.4.tgz",
      "integrity": "sha1-y9Xbh1+YM+GqYIRWiVHXiPxof5I="
    }
  }
}
